// !$*UTF8*$!
{
	archiveVersion = 1;
	classes = {
	};
	objectVersion = 48;
	objects = {

/* Begin PBXBuildFile section */
		5419C0972041FDFD00251B4B /* BasicStruct.swift in Sources */ = {isa = PBXBuildFile; fileRef = 5419C0962041FDFD00251B4B /* BasicStruct.swift */; };
		5419C0992041FE0600251B4B /* BasicClass.swift in Sources */ = {isa = PBXBuildFile; fileRef = 5419C0982041FE0600251B4B /* BasicClass.swift */; };
		5419C09D2041FF1500251B4B /* BasicTests.swift in Sources */ = {isa = PBXBuildFile; fileRef = 5419C09C2041FF1500251B4B /* BasicTests.swift */; };
		5419C09E204222E200251B4B /* BasicEnum.swift in Sources */ = {isa = PBXBuildFile; fileRef = 5419C09A2041FE1600251B4B /* BasicEnum.swift */; };
		54953D8020402AEF00A9657D /* ParentClass.swift in Sources */ = {isa = PBXBuildFile; fileRef = 54FBE9CC20400CCD006BC913 /* ParentClass.swift */; };
		54953D8120402AEF00A9657D /* ChildClass.swift in Sources */ = {isa = PBXBuildFile; fileRef = 54FBE9D020400F02006BC913 /* ChildClass.swift */; };
		54953D8320402B2E00A9657D /* README in Resources */ = {isa = PBXBuildFile; fileRef = 54953D8220402B2E00A9657D /* README */; };
		54FBE9AB20400C9D006BC913 /* AppDelegate.swift in Sources */ = {isa = PBXBuildFile; fileRef = 54FBE9AA20400C9D006BC913 /* AppDelegate.swift */; };
		54FBE9AD20400C9D006BC913 /* ViewController.swift in Sources */ = {isa = PBXBuildFile; fileRef = 54FBE9AC20400C9D006BC913 /* ViewController.swift */; };
		54FBE9B020400C9D006BC913 /* Main.storyboard in Resources */ = {isa = PBXBuildFile; fileRef = 54FBE9AE20400C9D006BC913 /* Main.storyboard */; };
		54FBE9B220400C9D006BC913 /* Assets.xcassets in Resources */ = {isa = PBXBuildFile; fileRef = 54FBE9B120400C9D006BC913 /* Assets.xcassets */; };
		54FBE9B520400C9D006BC913 /* LaunchScreen.storyboard in Resources */ = {isa = PBXBuildFile; fileRef = 54FBE9B320400C9D006BC913 /* LaunchScreen.storyboard */; };
		54FBE9CF20400D17006BC913 /* ParentClassTests.swift in Sources */ = {isa = PBXBuildFile; fileRef = 54FBE9CE20400D17006BC913 /* ParentClassTests.swift */; };
		54FBE9D320400FA1006BC913 /* ChildClassTests.swift in Sources */ = {isa = PBXBuildFile; fileRef = 54FBE9D220400FA1006BC913 /* ChildClassTests.swift */; };
/* End PBXBuildFile section */

/* Begin PBXContainerItemProxy section */
		54FBE9BC20400C9D006BC913 /* PBXContainerItemProxy */ = {
			isa = PBXContainerItemProxy;
			containerPortal = 54FBE99F20400C9D006BC913 /* Project object */;
			proxyType = 1;
			remoteGlobalIDString = 54FBE9A620400C9D006BC913;
			remoteInfo = CodableDemo;
		};
/* End PBXContainerItemProxy section */

/* Begin PBXFileReference section */
		5419C0962041FDFD00251B4B /* BasicStruct.swift */ = {isa = PBXFileReference; lastKnownFileType = sourcecode.swift; path = BasicStruct.swift; sourceTree = "<group>"; };
		5419C0982041FE0600251B4B /* BasicClass.swift */ = {isa = PBXFileReference; lastKnownFileType = sourcecode.swift; path = BasicClass.swift; sourceTree = "<group>"; };
		5419C09A2041FE1600251B4B /* BasicEnum.swift */ = {isa = PBXFileReference; lastKnownFileType = sourcecode.swift; path = BasicEnum.swift; sourceTree = "<group>"; };
		5419C09C2041FF1500251B4B /* BasicTests.swift */ = {isa = PBXFileReference; lastKnownFileType = sourcecode.swift; path = BasicTests.swift; sourceTree = "<group>"; };
		54953D8220402B2E00A9657D /* README */ = {isa = PBXFileReference; lastKnownFileType = text; path = README; sourceTree = "<group>"; };
		54FBE9A720400C9D006BC913 /* CodableDemo.app */ = {isa = PBXFileReference; explicitFileType = wrapper.application; includeInIndex = 0; path = CodableDemo.app; sourceTree = BUILT_PRODUCTS_DIR; };
		54FBE9AA20400C9D006BC913 /* AppDelegate.swift */ = {isa = PBXFileReference; lastKnownFileType = sourcecode.swift; path = AppDelegate.swift; sourceTree = "<group>"; };
		54FBE9AC20400C9D006BC913 /* ViewController.swift */ = {isa = PBXFileReference; lastKnownFileType = sourcecode.swift; path = ViewController.swift; sourceTree = "<group>"; };
		54FBE9AF20400C9D006BC913 /* Base */ = {isa = PBXFileReference; lastKnownFileType = file.storyboard; name = Base; path = Base.lproj/Main.storyboard; sourceTree = "<group>"; };
		54FBE9B120400C9D006BC913 /* Assets.xcassets */ = {isa = PBXFileReference; lastKnownFileType = folder.assetcatalog; path = Assets.xcassets; sourceTree = "<group>"; };
		54FBE9B420400C9D006BC913 /* Base */ = {isa = PBXFileReference; lastKnownFileType = file.storyboard; name = Base; path = Base.lproj/LaunchScreen.storyboard; sourceTree = "<group>"; };
		54FBE9B620400C9D006BC913 /* Info.plist */ = {isa = PBXFileReference; lastKnownFileType = text.plist.xml; path = Info.plist; sourceTree = "<group>"; };
		54FBE9BB20400C9D006BC913 /* CodableDemoTests.xctest */ = {isa = PBXFileReference; explicitFileType = wrapper.cfbundle; includeInIndex = 0; path = CodableDemoTests.xctest; sourceTree = BUILT_PRODUCTS_DIR; };
		54FBE9C120400C9D006BC913 /* Info.plist */ = {isa = PBXFileReference; lastKnownFileType = text.plist.xml; path = Info.plist; sourceTree = "<group>"; };
		54FBE9CC20400CCD006BC913 /* ParentClass.swift */ = {isa = PBXFileReference; lastKnownFileType = sourcecode.swift; path = ParentClass.swift; sourceTree = "<group>"; };
		54FBE9CE20400D17006BC913 /* ParentClassTests.swift */ = {isa = PBXFileReference; lastKnownFileType = sourcecode.swift; path = ParentClassTests.swift; sourceTree = "<group>"; };
		54FBE9D020400F02006BC913 /* ChildClass.swift */ = {isa = PBXFileReference; lastKnownFileType = sourcecode.swift; path = ChildClass.swift; sourceTree = "<group>"; };
		54FBE9D220400FA1006BC913 /* ChildClassTests.swift */ = {isa = PBXFileReference; lastKnownFileType = sourcecode.swift; path = ChildClassTests.swift; sourceTree = "<group>"; };
		54FBE9D5204028BC006BC913 /* ChildClass.swift */ = {isa = PBXFileReference; lastKnownFileType = sourcecode.swift; path = ChildClass.swift; sourceTree = "<group>"; };
		54FBE9D6204028BC006BC913 /* ParentClass.swift */ = {isa = PBXFileReference; lastKnownFileType = sourcecode.swift; path = ParentClass.swift; sourceTree = "<group>"; };
		54FBE9D8204028DC006BC913 /* ChildClass.swift */ = {isa = PBXFileReference; lastKnownFileType = sourcecode.swift; path = ChildClass.swift; sourceTree = "<group>"; };
		54FBE9D9204028DC006BC913 /* ParentClass.swift */ = {isa = PBXFileReference; lastKnownFileType = sourcecode.swift; path = ParentClass.swift; sourceTree = "<group>"; };
/* End PBXFileReference section */

/* Begin PBXFrameworksBuildPhase section */
		54FBE9A420400C9D006BC913 /* Frameworks */ = {
			isa = PBXFrameworksBuildPhase;
			buildActionMask = 2147483647;
			files = (
			);
			runOnlyForDeploymentPostprocessing = 0;
		};
		54FBE9B820400C9D006BC913 /* Frameworks */ = {
			isa = PBXFrameworksBuildPhase;
			buildActionMask = 2147483647;
			files = (
			);
			runOnlyForDeploymentPostprocessing = 0;
		};
/* End PBXFrameworksBuildPhase section */

/* Begin PBXGroup section */
		5419C0922041FD8700251B4B /* Inheritance */ = {
			isa = PBXGroup;
			children = (
				54FBE9D4204028A1006BC913 /* Model-Step-1 */,
				54FBE9D7204028D0006BC913 /* Model-Step-2 */,
				54FBE9CA20400CAC006BC913 /* Model-OK */,
			);
			name = Inheritance;
			path = "New Group";
			sourceTree = "<group>";
		};
		5419C0932041FDA100251B4B /* Inheritance */ = {
			isa = PBXGroup;
			children = (
				54FBE9CE20400D17006BC913 /* ParentClassTests.swift */,
				54FBE9D220400FA1006BC913 /* ChildClassTests.swift */,
			);
			name = Inheritance;
			path = "New Group";
			sourceTree = "<group>";
		};
		5419C0942041FDB400251B4B /* Basics */ = {
			isa = PBXGroup;
			children = (
				5419C0962041FDFD00251B4B /* BasicStruct.swift */,
				5419C0982041FE0600251B4B /* BasicClass.swift */,
				5419C09A2041FE1600251B4B /* BasicEnum.swift */,
			);
			name = Basics;
			path = "New Group1";
			sourceTree = "<group>";
		};
		5419C0952041FDC200251B4B /* Basics */ = {
			isa = PBXGroup;
			children = (
				5419C09C2041FF1500251B4B /* BasicTests.swift */,
			);
			path = Basics;
			sourceTree = "<group>";
		};
		54FBE99E20400C9D006BC913 = {
			isa = PBXGroup;
			children = (
				54FBE9A920400C9D006BC913 /* CodableDemo */,
				54FBE9BE20400C9D006BC913 /* CodableDemoTests */,
				54FBE9A820400C9D006BC913 /* Products */,
			);
			sourceTree = "<group>";
		};
		54FBE9A820400C9D006BC913 /* Products */ = {
			isa = PBXGroup;
			children = (
				54FBE9A720400C9D006BC913 /* CodableDemo.app */,
				54FBE9BB20400C9D006BC913 /* CodableDemoTests.xctest */,
			);
			name = Products;
			sourceTree = "<group>";
		};
		54FBE9A920400C9D006BC913 /* CodableDemo */ = {
			isa = PBXGroup;
			children = (
				54953D8220402B2E00A9657D /* README */,
				5419C0942041FDB400251B4B /* Basics */,
				5419C0922041FD8700251B4B /* Inheritance */,
				54FBE9AA20400C9D006BC913 /* AppDelegate.swift */,
				54FBE9AC20400C9D006BC913 /* ViewController.swift */,
				54FBE9AE20400C9D006BC913 /* Main.storyboard */,
				54FBE9B120400C9D006BC913 /* Assets.xcassets */,
				54FBE9B320400C9D006BC913 /* LaunchScreen.storyboard */,
				54FBE9B620400C9D006BC913 /* Info.plist */,
			);
			path = CodableDemo;
			sourceTree = "<group>";
		};
		54FBE9BE20400C9D006BC913 /* CodableDemoTests */ = {
			isa = PBXGroup;
			children = (
				5419C0952041FDC200251B4B /* Basics */,
				5419C0932041FDA100251B4B /* Inheritance */,
				54FBE9C120400C9D006BC913 /* Info.plist */,
			);
			path = CodableDemoTests;
			sourceTree = "<group>";
		};
		54FBE9CA20400CAC006BC913 /* Model-OK */ = {
			isa = PBXGroup;
			children = (
				54FBE9CC20400CCD006BC913 /* ParentClass.swift */,
				54FBE9D020400F02006BC913 /* ChildClass.swift */,
			);
			path = "Model-OK";
			sourceTree = "<group>";
		};
		54FBE9D4204028A1006BC913 /* Model-Step-1 */ = {
			isa = PBXGroup;
			children = (
				54FBE9D6204028BC006BC913 /* ParentClass.swift */,
				54FBE9D5204028BC006BC913 /* ChildClass.swift */,
			);
			path = "Model-Step-1";
			sourceTree = "<group>";
		};
		54FBE9D7204028D0006BC913 /* Model-Step-2 */ = {
			isa = PBXGroup;
			children = (
				54FBE9D9204028DC006BC913 /* ParentClass.swift */,
				54FBE9D8204028DC006BC913 /* ChildClass.swift */,
			);
			path = "Model-Step-2";
			sourceTree = "<group>";
		};
/* End PBXGroup section */

/* Begin PBXNativeTarget section */
		54FBE9A620400C9D006BC913 /* CodableDemo */ = {
			isa = PBXNativeTarget;
			buildConfigurationList = 54FBE9C420400C9D006BC913 /* Build configuration list for PBXNativeTarget "CodableDemo" */;
			buildPhases = (
				54FBE9A320400C9D006BC913 /* Sources */,
				54FBE9A420400C9D006BC913 /* Frameworks */,
				54FBE9A520400C9D006BC913 /* Resources */,
			);
			buildRules = (
			);
			dependencies = (
			);
			name = CodableDemo;
			productName = CodableDemo;
			productReference = 54FBE9A720400C9D006BC913 /* CodableDemo.app */;
			productType = "com.apple.product-type.application";
		};
		54FBE9BA20400C9D006BC913 /* CodableDemoTests */ = {
			isa = PBXNativeTarget;
			buildConfigurationList = 54FBE9C720400C9D006BC913 /* Build configuration list for PBXNativeTarget "CodableDemoTests" */;
			buildPhases = (
				54FBE9B720400C9D006BC913 /* Sources */,
				54FBE9B820400C9D006BC913 /* Frameworks */,
				54FBE9B920400C9D006BC913 /* Resources */,
			);
			buildRules = (
			);
			dependencies = (
				54FBE9BD20400C9D006BC913 /* PBXTargetDependency */,
			);
			name = CodableDemoTests;
			productName = CodableDemoTests;
			productReference = 54FBE9BB20400C9D006BC913 /* CodableDemoTests.xctest */;
			productType = "com.apple.product-type.bundle.unit-test";
		};
/* End PBXNativeTarget section */

/* Begin PBXProject section */
		54FBE99F20400C9D006BC913 /* Project object */ = {
			isa = PBXProject;
			attributes = {
				LastSwiftUpdateCheck = 0920;
				LastUpgradeCheck = 0920;
				ORGANIZATIONNAME = holgermayer;
				TargetAttributes = {
					54FBE9A620400C9D006BC913 = {
						CreatedOnToolsVersion = 9.2;
						ProvisioningStyle = Automatic;
					};
					54FBE9BA20400C9D006BC913 = {
						CreatedOnToolsVersion = 9.2;
						LastSwiftMigration = 0920;
						ProvisioningStyle = Automatic;
						TestTargetID = 54FBE9A620400C9D006BC913;
					};
				};
			};
			buildConfigurationList = 54FBE9A220400C9D006BC913 /* Build configuration list for PBXProject "CodableDemo" */;
			compatibilityVersion = "Xcode 8.0";
			developmentRegion = en;
			hasScannedForEncodings = 0;
			knownRegions = (
				en,
				Base,
			);
			mainGroup = 54FBE99E20400C9D006BC913;
			productRefGroup = 54FBE9A820400C9D006BC913 /* Products */;
			projectDirPath = "";
			projectRoot = "";
			targets = (
				54FBE9A620400C9D006BC913 /* CodableDemo */,
				54FBE9BA20400C9D006BC913 /* CodableDemoTests */,
			);
		};
/* End PBXProject section */

/* Begin PBXResourcesBuildPhase section */
		54FBE9A520400C9D006BC913 /* Resources */ = {
			isa = PBXResourcesBuildPhase;
			buildActionMask = 2147483647;
			files = (
				54953D8320402B2E00A9657D /* README in Resources */,
				54FBE9B520400C9D006BC913 /* LaunchScreen.storyboard in Resources */,
				54FBE9B220400C9D006BC913 /* Assets.xcassets in Resources */,
				54FBE9B020400C9D006BC913 /* Main.storyboard in Resources */,
			);
			runOnlyForDeploymentPostprocessing = 0;
		};
		54FBE9B920400C9D006BC913 /* Resources */ = {
			isa = PBXResourcesBuildPhase;
			buildActionMask = 2147483647;
			files = (
			);
			runOnlyForDeploymentPostprocessing = 0;
		};
/* End PBXResourcesBuildPhase section */

/* Begin PBXSourcesBuildPhase section */
		54FBE9A320400C9D006BC913 /* Sources */ = {
			isa = PBXSourcesBuildPhase;
			buildActionMask = 2147483647;
			files = (
				54FBE9AD20400C9D006BC913 /* ViewController.swift in Sources */,
				5419C0992041FE0600251B4B /* BasicClass.swift in Sources */,
				54953D8120402AEF00A9657D /* ChildClass.swift in Sources */,
				5419C09E204222E200251B4B /* BasicEnum.swift in Sources */,
				54953D8020402AEF00A9657D /* ParentClass.swift in Sources */,
				54FBE9AB20400C9D006BC913 /* AppDelegate.swift in Sources */,
				5419C0972041FDFD00251B4B /* BasicStruct.swift in Sources */,
			);
			runOnlyForDeploymentPostprocessing = 0;
		};
		54FBE9B720400C9D006BC913 /* Sources */ = {
			isa = PBXSourcesBuildPhase;
			buildActionMask = 2147483647;
			files = (
				54FBE9CF20400D17006BC913 /* ParentClassTests.swift in Sources */,
				54FBE9D320400FA1006BC913 /* ChildClassTests.swift in Sources */,
				5419C09D2041FF1500251B4B /* BasicTests.swift in Sources */,
			);
			runOnlyForDeploymentPostprocessing = 0;
		};
/* End PBXSourcesBuildPhase section */

/* Begin PBXTargetDependency section */
		54FBE9BD20400C9D006BC913 /* PBXTargetDependency */ = {
			isa = PBXTargetDependency;
			target = 54FBE9A620400C9D006BC913 /* CodableDemo */;
			targetProxy = 54FBE9BC20400C9D006BC913 /* PBXContainerItemProxy */;
		};
/* End PBXTargetDependency section */

/* Begin PBXVariantGroup section */
		54FBE9AE20400C9D006BC913 /* Main.storyboard */ = {
			isa = PBXVariantGroup;
			children = (
				54FBE9AF20400C9D006BC913 /* Base */,
			);
			name = Main.storyboard;
			sourceTree = "<group>";
		};
		54FBE9B320400C9D006BC913 /* LaunchScreen.storyboard */ = {
			isa = PBXVariantGroup;
			children = (
				54FBE9B420400C9D006BC913 /* Base */,
			);
			name = LaunchScreen.storyboard;
			sourceTree = "<group>";
		};
/* End PBXVariantGroup section */

/* Begin XCBuildConfiguration section */
		54FBE9C220400C9D006BC913 /* Debug */ = {
			isa = XCBuildConfiguration;
			buildSettings = {
				ALWAYS_SEARCH_USER_PATHS = NO;
				CLANG_ANALYZER_NONNULL = YES;
				CLANG_ANALYZER_NUMBER_OBJECT_CONVERSION = YES_AGGRESSIVE;
				CLANG_CXX_LANGUAGE_STANDARD = "gnu++14";
				CLANG_CXX_LIBRARY = "libc++";
				CLANG_ENABLE_MODULES = YES;
				CLANG_ENABLE_OBJC_ARC = YES;
				CLANG_WARN_BLOCK_CAPTURE_AUTORELEASING = YES;
				CLANG_WARN_BOOL_CONVERSION = YES;
				CLANG_WARN_COMMA = YES;
				CLANG_WARN_CONSTANT_CONVERSION = YES;
				CLANG_WARN_DIRECT_OBJC_ISA_USAGE = YES_ERROR;
				CLANG_WARN_DOCUMENTATION_COMMENTS = YES;
				CLANG_WARN_EMPTY_BODY = YES;
				CLANG_WARN_ENUM_CONVERSION = YES;
				CLANG_WARN_INFINITE_RECURSION = YES;
				CLANG_WARN_INT_CONVERSION = YES;
				CLANG_WARN_NON_LITERAL_NULL_CONVERSION = YES;
				CLANG_WARN_OBJC_LITERAL_CONVERSION = YES;
				CLANG_WARN_OBJC_ROOT_CLASS = YES_ERROR;
				CLANG_WARN_RANGE_LOOP_ANALYSIS = YES;
				CLANG_WARN_STRICT_PROTOTYPES = YES;
				CLANG_WARN_SUSPICIOUS_MOVE = YES;
				CLANG_WARN_UNGUARDED_AVAILABILITY = YES_AGGRESSIVE;
				CLANG_WARN_UNREACHABLE_CODE = YES;
				CLANG_WARN__DUPLICATE_METHOD_MATCH = YES;
				CODE_SIGN_IDENTITY = "iPhone Developer";
				COPY_PHASE_STRIP = NO;
				DEBUG_INFORMATION_FORMAT = dwarf;
				ENABLE_STRICT_OBJC_MSGSEND = YES;
				ENABLE_TESTABILITY = YES;
				GCC_C_LANGUAGE_STANDARD = gnu11;
				GCC_DYNAMIC_NO_PIC = NO;
				GCC_NO_COMMON_BLOCKS = YES;
				GCC_OPTIMIZATION_LEVEL = 0;
				GCC_PREPROCESSOR_DEFINITIONS = (
					"DEBUG=1",
					"$(inherited)",
				);
				GCC_WARN_64_TO_32_BIT_CONVERSION = YES;
				GCC_WARN_ABOUT_RETURN_TYPE = YES_ERROR;
				GCC_WARN_UNDECLARED_SELECTOR = YES;
				GCC_WARN_UNINITIALIZED_AUTOS = YES_AGGRESSIVE;
				GCC_WARN_UNUSED_FUNCTION = YES;
				GCC_WARN_UNUSED_VARIABLE = YES;
				IPHONEOS_DEPLOYMENT_TARGET = 11.2;
				MTL_ENABLE_DEBUG_INFO = YES;
				ONLY_ACTIVE_ARCH = YES;
				SDKROOT = iphoneos;
				SWIFT_ACTIVE_COMPILATION_CONDITIONS = DEBUG;
				SWIFT_OPTIMIZATION_LEVEL = "-Onone";
			};
			name = Debug;
		};
		54FBE9C320400C9D006BC913 /* Release */ = {
			isa = XCBuildConfiguration;
			buildSettings = {
				ALWAYS_SEARCH_USER_PATHS = NO;
				CLANG_ANALYZER_NONNULL = YES;
				CLANG_ANALYZER_NUMBER_OBJECT_CONVERSION = YES_AGGRESSIVE;
				CLANG_CXX_LANGUAGE_STANDARD = "gnu++14";
				CLANG_CXX_LIBRARY = "libc++";
				CLANG_ENABLE_MODULES = YES;
				CLANG_ENABLE_OBJC_ARC = YES;
				CLANG_WARN_BLOCK_CAPTURE_AUTORELEASING = YES;
				CLANG_WARN_BOOL_CONVERSION = YES;
				CLANG_WARN_COMMA = YES;
				CLANG_WARN_CONSTANT_CONVERSION = YES;
				CLANG_WARN_DIRECT_OBJC_ISA_USAGE = YES_ERROR;
				CLANG_WARN_DOCUMENTATION_COMMENTS = YES;
				CLANG_WARN_EMPTY_BODY = YES;
				CLANG_WARN_ENUM_CONVERSION = YES;
				CLANG_WARN_INFINITE_RECURSION = YES;
				CLANG_WARN_INT_CONVERSION = YES;
				CLANG_WARN_NON_LITERAL_NULL_CONVERSION = YES;
				CLANG_WARN_OBJC_LITERAL_CONVERSION = YES;
				CLANG_WARN_OBJC_ROOT_CLASS = YES_ERROR;
				CLANG_WARN_RANGE_LOOP_ANALYSIS = YES;
				CLANG_WARN_STRICT_PROTOTYPES = YES;
				CLANG_WARN_SUSPICIOUS_MOVE = YES;
				CLANG_WARN_UNGUARDED_AVAILABILITY = YES_AGGRESSIVE;
				CLANG_WARN_UNREACHABLE_CODE = YES;
				CLANG_WARN__DUPLICATE_METHOD_MATCH = YES;
				CODE_SIGN_IDENTITY = "iPhone Developer";
				COPY_PHASE_STRIP = NO;
				DEBUG_INFORMATION_FORMAT = "dwarf-with-dsym";
				ENABLE_NS_ASSERTIONS = NO;
				ENABLE_STRICT_OBJC_MSGSEND = YES;
				GCC_C_LANGUAGE_STANDARD = gnu11;
				GCC_NO_COMMON_BLOCKS = YES;
				GCC_WARN_64_TO_32_BIT_CONVERSION = YES;
				GCC_WARN_ABOUT_RETURN_TYPE = YES_ERROR;
				GCC_WARN_UNDECLARED_SELECTOR = YES;
				GCC_WARN_UNINITIALIZED_AUTOS = YES_AGGRESSIVE;
				GCC_WARN_UNUSED_FUNCTION = YES;
				GCC_WARN_UNUSED_VARIABLE = YES;
				IPHONEOS_DEPLOYMENT_TARGET = 11.2;
				MTL_ENABLE_DEBUG_INFO = NO;
				SDKROOT = iphoneos;
				SWIFT_OPTIMIZATION_LEVEL = "-Owholemodule";
				VALIDATE_PRODUCT = YES;
			};
			name = Release;
		};
		54FBE9C520400C9D006BC913 /* Debug */ = {
			isa = XCBuildConfiguration;
			buildSettings = {
				ASSETCATALOG_COMPILER_APPICON_NAME = AppIcon;
				CODE_SIGN_STYLE = Automatic;
				DEVELOPMENT_TEAM = ZTF477US4D;
				INFOPLIST_FILE = CodableDemo/Info.plist;
				LD_RUNPATH_SEARCH_PATHS = "$(inherited) @executable_path/Frameworks";
				PRODUCT_BUNDLE_IDENTIFIER = "de.h-mayer.CodableDemo";
				PRODUCT_NAME = "$(TARGET_NAME)";
				SWIFT_VERSION = 4.0;
				TARGETED_DEVICE_FAMILY = "1,2";
			};
			name = Debug;
		};
		54FBE9C620400C9D006BC913 /* Release */ = {
			isa = XCBuildConfiguration;
			buildSettings = {
				ASSETCATALOG_COMPILER_APPICON_NAME = AppIcon;
				CODE_SIGN_STYLE = Automatic;
				DEVELOPMENT_TEAM = ZTF477US4D;
				INFOPLIST_FILE = CodableDemo/Info.plist;
				LD_RUNPATH_SEARCH_PATHS = "$(inherited) @executable_path/Frameworks";
				PRODUCT_BUNDLE_IDENTIFIER = "de.h-mayer.CodableDemo";
				PRODUCT_NAME = "$(TARGET_NAME)";
				SWIFT_VERSION = 4.0;
				TARGETED_DEVICE_FAMILY = "1,2";
			};
			name = Release;
		};
		54FBE9C820400C9D006BC913 /* Debug */ = {
			isa = XCBuildConfiguration;
			buildSettings = {
				ALWAYS_EMBED_SWIFT_STANDARD_LIBRARIES = YES;
				BUNDLE_LOADER = "$(TEST_HOST)";
				CLANG_ENABLE_MODULES = YES;
				CODE_SIGN_STYLE = Automatic;
				DEVELOPMENT_TEAM = ZTF477US4D;
				INFOPLIST_FILE = CodableDemoTests/Info.plist;
				LD_RUNPATH_SEARCH_PATHS = "$(inherited) @executable_path/Frameworks @loader_path/Frameworks";
				PRODUCT_BUNDLE_IDENTIFIER = "de.h-mayer.CodableDemoTests";
				PRODUCT_NAME = "$(TARGET_NAME)";
				SWIFT_OPTIMIZATION_LEVEL = "-Onone";
				SWIFT_VERSION = 4.0;
				TARGETED_DEVICE_FAMILY = "1,2";
				TEST_HOST = "$(BUILT_PRODUCTS_DIR)/CodableDemo.app/CodableDemo";
			};
			name = Debug;
		};
		54FBE9C920400C9D006BC913 /* Release */ = {
			isa = XCBuildConfiguration;
			buildSettings = {
				ALWAYS_EMBED_SWIFT_STANDARD_LIBRARIES = YES;
				BUNDLE_LOADER = "$(TEST_HOST)";
				CLANG_ENABLE_MODULES = YES;
				CODE_SIGN_STYLE = Automatic;
				DEVELOPMENT_TEAM = ZTF477US4D;
				INFOPLIST_FILE = CodableDemoTests/Info.plist;
				LD_RUNPATH_SEARCH_PATHS = "$(inherited) @executable_path/Frameworks @loader_path/Frameworks";
				PRODUCT_BUNDLE_IDENTIFIER = "de.h-mayer.CodableDemoTests";
				PRODUCT_NAME = "$(TARGET_NAME)";
				SWIFT_VERSION = 4.0;
				TARGETED_DEVICE_FAMILY = "1,2";
				TEST_HOST = "$(BUILT_PRODUCTS_DIR)/CodableDemo.app/CodableDemo";
			};
			name = Release;
		};
/* End XCBuildConfiguration section */

/* Begin XCConfigurationList section */
		54FBE9A220400C9D006BC913 /* Build configuration list for PBXProject "CodableDemo" */ = {
			isa = XCConfigurationList;
			buildConfigurations = (
				54FBE9C220400C9D006BC913 /* Debug */,
				54FBE9C320400C9D006BC913 /* Release */,
			);
			defaultConfigurationIsVisible = 0;
			defaultConfigurationName = Release;
		};
		54FBE9C420400C9D006BC913 /* Build configuration list for PBXNativeTarget "CodableDemo" */ = {
			isa = XCConfigurationList;
			buildConfigurations = (
				54FBE9C520400C9D006BC913 /* Debug */,
				54FBE9C620400C9D006BC913 /* Release */,
			);
			defaultConfigurationIsVisible = 0;
			defaultConfigurationName = Release;
		};
		54FBE9C720400C9D006BC913 /* Build configuration list for PBXNativeTarget "CodableDemoTests" */ = {
			isa = XCConfigurationList;
			buildConfigurations = (
				54FBE9C820400C9D006BC913 /* Debug */,
				54FBE9C920400C9D006BC913 /* Release */,
			);
			defaultConfigurationIsVisible = 0;
			defaultConfigurationName = Release;
		};
/* End XCConfigurationList section */
	};
	rootObject = 54FBE99F20400C9D006BC913 /* Project object */;
}
